dependencies:
  idf:
    source:
      type: idf
    version: 6.0.2
  m5stack/m5gfx:
    component_hash: c61634865a4e4a04fc122c658d1b484892d5b25871e95fcfb39960a9d6652a15
    dependencies: []
    source:
      registry_url: https://components.espressif.com/
      type: service
    version: 0.2.26
direct_dependencies:
- idf
- m5stack/m5gfx
manifest_hash: 31b74983eb1ecbfaa587c8ec0135928008befff07172b1bb40b69f7ba2546cdd
target: esp32s3
version: 3.0.0
